
Microsoft Visual Studio Solution File, Format Version 12.00
# Visual Studio Version 17
VisualStudioVersion = 17.8.34330.188
MinimumVisualStudioVersion = 10.0.40219.1
Project("{9A19103F-16F7-4668-BE54-9A1E7A4F7556}") = "Codere.API", "Codere.API.csproj", "{2E22C585-F1D2-469E-ADC7-3D3E3F54421E}"
EndProject
Project("{2150E333-8FDC-42A3-9474-1A3956D46DE8}") = "API", "API", "{1A63DCF2-3B04-483C-8D6B-DC3434372C76}"
EndProject
Project("{2150E333-8FDC-42A3-9474-1A3956D46DE8}") = "doc", "doc", "{9ED60668-A0DB-4B55-8F8A-3B47CCD98F3A}"
	ProjectSection(SolutionItems) = preProject
		..\readme.docx = ..\readme.docx
	EndProjectSection
EndProject
Project("{2150E333-8FDC-42A3-9474-1A3956D46DE8}") = "src", "src", "{2759820D-D6DD-4C86-85DE-E3D28D8C46DD}"
EndProject
Project("{2150E333-8FDC-42A3-9474-1A3956D46DE8}") = "Infrastructure", "Infrastructure", "{0B593076-488D-40C4-8DB4-7F8E4664A231}"
EndProject
Project("{9A19103F-16F7-4668-BE54-9A1E7A4F7556}") = "Infrastructure", "..\Infrastructure\Infrastructure.csproj", "{0F24041C-E9BF-44E2-BDDA-77A2714F3654}"
EndProject
Project("{2150E333-8FDC-42A3-9474-1A3956D46DE8}") = "Core", "Core", "{6A4237CC-955E-46DD-8C99-6A20E8CCB3EF}"
EndProject
Project("{9A19103F-16F7-4668-BE54-9A1E7A4F7556}") = "Application", "..\Application\Application.csproj", "{24789DAB-F412-4433-A2DD-18BA3C4ED195}"
EndProject
Project("{9A19103F-16F7-4668-BE54-9A1E7A4F7556}") = "Domain", "..\Domain\Domain.csproj", "{62F1A92C-41B4-4121-916A-C644DED34644}"
EndProject
Project("{2150E333-8FDC-42A3-9474-1A3956D46DE8}") = "Test", "Test", "{AF603CE1-AD39-491D-BC2A-57A8605BFD07}"
EndProject
Project("{9A19103F-16F7-4668-BE54-9A1E7A4F7556}") = "Codere.UnitTests", "..\Codere.UnitTests\Codere.UnitTests.csproj", "{53282437-2ACA-4E4C-813D-34945ADACFE2}"
EndProject
Global
	GlobalSection(SolutionConfigurationPlatforms) = preSolution
		Debug|Any CPU = Debug|Any CPU
		Release|Any CPU = Release|Any CPU
	EndGlobalSection
	GlobalSection(ProjectConfigurationPlatforms) = postSolution
		{2E22C585-F1D2-469E-ADC7-3D3E3F54421E}.Debug|Any CPU.ActiveCfg = Debug|Any CPU
		{2E22C585-F1D2-469E-ADC7-3D3E3F54421E}.Debug|Any CPU.Build.0 = Debug|Any CPU
		{2E22C585-F1D2-469E-ADC7-3D3E3F54421E}.Release|Any CPU.ActiveCfg = Release|Any CPU
		{2E22C585-F1D2-469E-ADC7-3D3E3F54421E}.Release|Any CPU.Build.0 = Release|Any CPU
		{0F24041C-E9BF-44E2-BDDA-77A2714F3654}.Debug|Any CPU.ActiveCfg = Debug|Any CPU
		{0F24041C-E9BF-44E2-BDDA-77A2714F3654}.Debug|Any CPU.Build.0 = Debug|Any CPU
		{0F24041C-E9BF-44E2-BDDA-77A2714F3654}.Release|Any CPU.ActiveCfg = Release|Any CPU
		{0F24041C-E9BF-44E2-BDDA-77A2714F3654}.Release|Any CPU.Build.0 = Release|Any CPU
		{24789DAB-F412-4433-A2DD-18BA3C4ED195}.Debug|Any CPU.ActiveCfg = Debug|Any CPU
		{24789DAB-F412-4433-A2DD-18BA3C4ED195}.Debug|Any CPU.Build.0 = Debug|Any CPU
		{24789DAB-F412-4433-A2DD-18BA3C4ED195}.Release|Any CPU.ActiveCfg = Release|Any CPU
		{24789DAB-F412-4433-A2DD-18BA3C4ED195}.Release|Any CPU.Build.0 = Release|Any CPU
		{62F1A92C-41B4-4121-916A-C644DED34644}.Debug|Any CPU.ActiveCfg = Debug|Any CPU
		{62F1A92C-41B4-4121-916A-C644DED34644}.Debug|Any CPU.Build.0 = Debug|Any CPU
		{62F1A92C-41B4-4121-916A-C644DED34644}.Release|Any CPU.ActiveCfg = Release|Any CPU
		{62F1A92C-41B4-4121-916A-C644DED34644}.Release|Any CPU.Build.0 = Release|Any CPU
		{53282437-2ACA-4E4C-813D-34945ADACFE2}.Debug|Any CPU.ActiveCfg = Debug|Any CPU
		{53282437-2ACA-4E4C-813D-34945ADACFE2}.Debug|Any CPU.Build.0 = Debug|Any CPU
		{53282437-2ACA-4E4C-813D-34945ADACFE2}.Release|Any CPU.ActiveCfg = Release|Any CPU
		{53282437-2ACA-4E4C-813D-34945ADACFE2}.Release|Any CPU.Build.0 = Release|Any CPU
	EndGlobalSection
	GlobalSection(SolutionProperties) = preSolution
		HideSolutionNode = FALSE
	EndGlobalSection
	GlobalSection(NestedProjects) = preSolution
		{2E22C585-F1D2-469E-ADC7-3D3E3F54421E} = {1A63DCF2-3B04-483C-8D6B-DC3434372C76}
		{1A63DCF2-3B04-483C-8D6B-DC3434372C76} = {2759820D-D6DD-4C86-85DE-E3D28D8C46DD}
		{0B593076-488D-40C4-8DB4-7F8E4664A231} = {2759820D-D6DD-4C86-85DE-E3D28D8C46DD}
		{0F24041C-E9BF-44E2-BDDA-77A2714F3654} = {0B593076-488D-40C4-8DB4-7F8E4664A231}
		{6A4237CC-955E-46DD-8C99-6A20E8CCB3EF} = {2759820D-D6DD-4C86-85DE-E3D28D8C46DD}
		{24789DAB-F412-4433-A2DD-18BA3C4ED195} = {6A4237CC-955E-46DD-8C99-6A20E8CCB3EF}
		{62F1A92C-41B4-4121-916A-C644DED34644} = {6A4237CC-955E-46DD-8C99-6A20E8CCB3EF}
		{AF603CE1-AD39-491D-BC2A-57A8605BFD07} = {2759820D-D6DD-4C86-85DE-E3D28D8C46DD}
		{53282437-2ACA-4E4C-813D-34945ADACFE2} = {AF603CE1-AD39-491D-BC2A-57A8605BFD07}
	EndGlobalSection
	GlobalSection(ExtensibilityGlobals) = postSolution
		SolutionGuid = {101EFDFE-5878-4B3B-AE4A-C21AD769C74F}
	EndGlobalSection
EndGlobal
